{
  "name": "css-practice",
  "version": "1.0.0",
  "lockfileVersion": 2,
  "requires": true,
  "packages": {
    "": {
      "name": "css-practice",
      "version": "1.0.0",
      "license": "ISC",
      "dependencies": {
        "bootstrap-icons": "^1.11.3",
        "feather-icons": "^4.29.1",
        "solid-icons": "^1.1.0"
      }
    },
    "node_modules/bootstrap-icons": {
      "version": "1.11.3",
      "resolved": "https://registry.npmjs.org/bootstrap-icons/-/bootstrap-icons-1.11.3.tgz",
      "integrity": "sha512-+3lpHrCw/it2/7lBL15VR0HEumaBss0+f/Lb6ZvHISn1mlK83jjFpooTLsMWbIjJMDjDjOExMsTxnXSIT4k4ww==",
      "funding": [
        {
          "type": "github",
          "url": "https://github.com/sponsors/twbs"
        },
        {
          "type": "opencollective",
          "url": "https://opencollective.com/bootstrap"
        }
      ]
    },
    "node_modules/classnames": {
      "version": "2.5.1",
      "resolved": "https://registry.npmjs.org/classnames/-/classnames-2.5.1.tgz",
      "integrity": "sha512-saHYOzhIQs6wy2sVxTM6bUDsQO4F50V9RQ22qBpEdCW+I+/Wmke2HOl6lS6dTpdxVhb88/I6+Hs+438c3lfUow=="
    },
    "node_modules/core-js": {
      "version": "3.35.1",
      "resolved": "https://registry.npmjs.org/core-js/-/core-js-3.35.1.tgz",
      "integrity": "sha512-IgdsbxNyMskrTFxa9lWHyMwAJU5gXOPP+1yO+K59d50VLVAIDAbs7gIv705KzALModfK3ZrSZTPNpC0PQgIZuw==",
      "hasInstallScript": true,
      "funding": {
        "type": "opencollective",
        "url": "https://opencollective.com/core-js"
      }
    },
    "node_modules/csstype": {
      "version": "3.1.3",
      "resolved": "https://registry.npmjs.org/csstype/-/csstype-3.1.3.tgz",
      "integrity": "sha512-M1uQkMl8rQK/szD0LNhtqxIPLpimGm8sOBwU7lLnCpSbTyY3yeU1Vc7l4KT5zT4s/yOxHH5O7tIuuLOCnLADRw==",
      "peer": true
    },
    "node_modules/feather-icons": {
      "version": "4.29.1",
      "resolved": "https://registry.npmjs.org/feather-icons/-/feather-icons-4.29.1.tgz",
      "integrity": "sha512-P1we61haGTds6lKWe6CCVPsNULb8tHr1y6S9gXEpU+lNR1Ja7GdV0A1l2hTNmzXv+0Stix/3YMWMAn7n1Qtd6A==",
      "dependencies": {
        "classnames": "^2.2.5",
        "core-js": "^3.1.3"
      }
    },
    "node_modules/seroval": {
      "version": "1.0.4",
      "resolved": "https://registry.npmjs.org/seroval/-/seroval-1.0.4.tgz",
      "integrity": "sha512-qQs/N+KfJu83rmszFQaTxcoJoPn6KNUruX4KmnmyD0oZkUoiNvJ1rpdYKDf4YHM05k+HOgCxa3yvf15QbVijGg==",
      "peer": true,
      "engines": {
        "node": ">=10"
      }
    },
    "node_modules/seroval-plugins": {
      "version": "1.0.4",
      "resolved": "https://registry.npmjs.org/seroval-plugins/-/seroval-plugins-1.0.4.tgz",
      "integrity": "sha512-DQ2IK6oQVvy8k+c2V5x5YCtUa/GGGsUwUBNN9UqohrZ0rWdUapBFpNMYP1bCyRHoxOJjdKGl+dieacFIpU/i1A==",
      "peer": true,
      "engines": {
        "node": ">=10"
      },
      "peerDependencies": {
        "seroval": "^1.0"
      }
    },
    "node_modules/solid-icons": {
      "version": "1.1.0",
      "resolved": "https://registry.npmjs.org/solid-icons/-/solid-icons-1.1.0.tgz",
      "integrity": "sha512-IesTfr/F1ElVwH2E1110s2RPXH4pujKfSs+koT8rwuTAdleO5s26lNSpqJV7D1+QHooJj18mcOiz2PIKs0ic+A==",
      "peerDependencies": {
        "solid-js": "*"
      }
    },
    "node_modules/solid-js": {
      "version": "1.8.14",
      "resolved": "https://registry.npmjs.org/solid-js/-/solid-js-1.8.14.tgz",
      "integrity": "sha512-kDfgHBm+ROVLDVuqaXh/jYz0ZVJ29TYfVsKsgDPtNcjoyaPtOvDX2l0tVnthjLdEXr7vDTYeqEYFfMkZakDsOQ==",
      "peer": true,
      "dependencies": {
        "csstype": "^3.1.0",
        "seroval": "^1.0.3",
        "seroval-plugins": "^1.0.3"
      }
    }
  },
  "dependencies": {
    "bootstrap-icons": {
      "version": "1.11.3",
      "resolved": "https://registry.npmjs.org/bootstrap-icons/-/bootstrap-icons-1.11.3.tgz",
      "integrity": "sha512-+3lpHrCw/it2/7lBL15VR0HEumaBss0+f/Lb6ZvHISn1mlK83jjFpooTLsMWbIjJMDjDjOExMsTxnXSIT4k4ww=="
    },
    "classnames": {
      "version": "2.5.1",
      "resolved": "https://registry.npmjs.org/classnames/-/classnames-2.5.1.tgz",
      "integrity": "sha512-saHYOzhIQs6wy2sVxTM6bUDsQO4F50V9RQ22qBpEdCW+I+/Wmke2HOl6lS6dTpdxVhb88/I6+Hs+438c3lfUow=="
    },
    "core-js": {
      "version": "3.35.1",
      "resolved": "https://registry.npmjs.org/core-js/-/core-js-3.35.1.tgz",
      "integrity": "sha512-IgdsbxNyMskrTFxa9lWHyMwAJU5gXOPP+1yO+K59d50VLVAIDAbs7gIv705KzALModfK3ZrSZTPNpC0PQgIZuw=="
    },
    "csstype": {
      "version": "3.1.3",
      "resolved": "https://registry.npmjs.org/csstype/-/csstype-3.1.3.tgz",
      "integrity": "sha512-M1uQkMl8rQK/szD0LNhtqxIPLpimGm8sOBwU7lLnCpSbTyY3yeU1Vc7l4KT5zT4s/yOxHH5O7tIuuLOCnLADRw==",
      "peer": true
    },
    "feather-icons": {
      "version": "4.29.1",
      "resolved": "https://registry.npmjs.org/feather-icons/-/feather-icons-4.29.1.tgz",
      "integrity": "sha512-P1we61haGTds6lKWe6CCVPsNULb8tHr1y6S9gXEpU+lNR1Ja7GdV0A1l2hTNmzXv+0Stix/3YMWMAn7n1Qtd6A==",
      "requires": {
        "classnames": "^2.2.5",
        "core-js": "^3.1.3"
      }
    },
    "seroval": {
      "version": "1.0.4",
      "resolved": "https://registry.npmjs.org/seroval/-/seroval-1.0.4.tgz",
      "integrity": "sha512-qQs/N+KfJu83rmszFQaTxcoJoPn6KNUruX4KmnmyD0oZkUoiNvJ1rpdYKDf4YHM05k+HOgCxa3yvf15QbVijGg==",
      "peer": true
    },
    "seroval-plugins": {
      "version": "1.0.4",
      "resolved": "https://registry.npmjs.org/seroval-plugins/-/seroval-plugins-1.0.4.tgz",
      "integrity": "sha512-DQ2IK6oQVvy8k+c2V5x5YCtUa/GGGsUwUBNN9UqohrZ0rWdUapBFpNMYP1bCyRHoxOJjdKGl+dieacFIpU/i1A==",
      "peer": true,
      "requires": {}
    },
    "solid-icons": {
      "version": "1.1.0",
      "resolved": "https://registry.npmjs.org/solid-icons/-/solid-icons-1.1.0.tgz",
      "integrity": "sha512-IesTfr/F1ElVwH2E1110s2RPXH4pujKfSs+koT8rwuTAdleO5s26lNSpqJV7D1+QHooJj18mcOiz2PIKs0ic+A==",
      "requires": {}
    },
    "solid-js": {
      "version": "1.8.14",
      "resolved": "https://registry.npmjs.org/solid-js/-/solid-js-1.8.14.tgz",
      "integrity": "sha512-kDfgHBm+ROVLDVuqaXh/jYz0ZVJ29TYfVsKsgDPtNcjoyaPtOvDX2l0tVnthjLdEXr7vDTYeqEYFfMkZakDsOQ==",
      "peer": true,
      "requires": {
        "csstype": "^3.1.0",
        "seroval": "^1.0.3",
        "seroval-plugins": "^1.0.3"
      }
    }
  }
}
